
Microsoft Visual Studio Solution File, Format Version 12.00
# Visual Studio Version 17
VisualStudioVersion = 17.9.34728.123
MinimumVisualStudioVersion = 10.0.40219.1
Project("{E24C65DC-7377-472B-9ABA-BC803B73C61A}") = "segip-soap", "segip-soap\", "{38F9ACC5-D6BB-4446-919F-0B16A0C7FF08}"
	ProjectSection(WebsiteProperties) = preProject
		TargetFrameworkMoniker = ".NETFramework,Version%3Dv4.8"
		Debug.AspNetCompiler.VirtualPath = "/localhost_56719"
		Debug.AspNetCompiler.PhysicalPath = "segip-soap\"
		Debug.AspNetCompiler.TargetPath = "PrecompiledWeb\localhost_56719\"
		Debug.AspNetCompiler.Updateable = "true"
		Debug.AspNetCompiler.ForceOverwrite = "true"
		Debug.AspNetCompiler.FixedNames = "false"
		Debug.AspNetCompiler.Debug = "True"
		Release.AspNetCompiler.VirtualPath = "/localhost_56719"
		Release.AspNetCompiler.PhysicalPath = "segip-soap\"
		Release.AspNetCompiler.TargetPath = "PrecompiledWeb\localhost_56719\"
		Release.AspNetCompiler.Updateable = "true"
		Release.AspNetCompiler.ForceOverwrite = "true"
		Release.AspNetCompiler.FixedNames = "false"
		Release.AspNetCompiler.Debug = "False"
		VWDPort = "56719"
		SlnRelativePath = "segip-soap\"
		DefaultWebSiteLanguage = "Visual C#"
	EndProjectSection
EndProject
Global
	GlobalSection(SolutionConfigurationPlatforms) = preSolution
		Debug|Any CPU = Debug|Any CPU
	EndGlobalSection
	GlobalSection(ProjectConfigurationPlatforms) = postSolution
		{38F9ACC5-D6BB-4446-919F-0B16A0C7FF08}.Debug|Any CPU.ActiveCfg = Debug|Any CPU
		{38F9ACC5-D6BB-4446-919F-0B16A0C7FF08}.Debug|Any CPU.Build.0 = Debug|Any CPU
	EndGlobalSection
	GlobalSection(SolutionProperties) = preSolution
		HideSolutionNode = FALSE
	EndGlobalSection
	GlobalSection(ExtensibilityGlobals) = postSolution
		SolutionGuid = {BDAE4A87-54F0-48AD-9A95-535FE13A4276}
	EndGlobalSection
EndGlobal
